schema: '2.0'
stages:
  data_ingestion:
    cmd: python src/cnnClassifier/pipeline/stage_01_data_ingestion.py
    deps:
    - path: config/config.yaml
      hash: md5
      md5: dbccc9f82e9ad52aee615fd00da016b4
      size: 1186
    - path: src/cnnClassifier/pipeline/stage_01_data_ingestion.py
      hash: md5
      md5: 6924bba8d767fd994c5e903362f20b87
      size: 868
    outs:
    - path: artifacts/data_ingestion/Data
      hash: md5
      md5: 889658523063367d59cbffe0fdc2dc4f.dir
      size: 8600097
      nfiles: 218
  prepare_base_model:
    cmd: python src/cnnClassifier/pipeline/stage_02_prepare_base_model.py
    deps:
    - path: config/config.yaml
      hash: md5
      md5: dbccc9f82e9ad52aee615fd00da016b4
      size: 1186
    - path: src/cnnClassifier/pipeline/stage_02_prepare_base_model.py
      hash: md5
      md5: 51faf0284e9f0c9a4cc36ee0c1dbcaa6
      size: 906
    params:
      params.yaml:
        CLASSES: 2
        IMAGE_SIZE:
        - 224
        - 224
        - 3
        INCLUDE_TOP: false
        LEARNING_RATE: 0.01
        WEIGHTS: imagenet
    outs:
    - path: artifacts/prepare_base_model
      hash: md5
      md5: df29f5cb53c8454761ba569e3cac1e6f.dir
      size: 118054560
      nfiles: 2
  training:
    cmd: python src/cnnClassifier/pipeline/stage_03_model_trainer.py
    deps:
    - path: artifacts/data_ingestion/Data
      hash: md5
      md5: 889658523063367d59cbffe0fdc2dc4f.dir
      size: 8600097
      nfiles: 218
    - path: artifacts/prepare_base_model
      hash: md5
      md5: df29f5cb53c8454761ba569e3cac1e6f.dir
      size: 118054560
      nfiles: 2
    - path: config/config.yaml
      hash: md5
      md5: dbccc9f82e9ad52aee615fd00da016b4
      size: 1186
    - path: src/cnnClassifier/pipeline/stage_03_model_trainer.py
      hash: md5
      md5: 60dfeec5ce47310f719de49c045bc7e5
      size: 823
    params:
      params.yaml:
        AUGUMENTATION: true
        BATCH_SIZE: 8
        EPOCHS: 2
        IMAGE_SIZE:
        - 224
        - 224
        - 3
    outs:
    - path: artifacts/training/model.h5
      hash: md5
      md5: 9a4ee7e56155e01f91bcd8b96ea6f70f
      size: 59337520
  evaluation:
    cmd: python src/cnnClassifier/pipeline/stage_04_model_evaluation.py
    deps:
    - path: artifacts/data_ingestion/Data
      hash: md5
      md5: 889658523063367d59cbffe0fdc2dc4f.dir
      size: 8600097
      nfiles: 218
    - path: artifacts/training/model.h5
      hash: md5
      md5: 9a4ee7e56155e01f91bcd8b96ea6f70f
      size: 59337520
    - path: config/config.yaml
      hash: md5
      md5: dbccc9f82e9ad52aee615fd00da016b4
      size: 1186
    - path: src/cnnClassifier/pipeline/stage_04_model_evaluation.py
      hash: md5
      md5: b32f28490be3ec4709fe5b8ecbb3a585
      size: 832
    params:
      params.yaml:
        BATCH_SIZE: 8
        IMAGE_SIZE:
        - 224
        - 224
        - 3
    outs:
    - path: scores.json
      hash: md5
      md5: 5eca68bc1ad59b3d9cafcbbc6b1a610e
      size: 58
